// !$*UTF8*$!
{
	archiveVersion = 1;
	classes = {
	};
	objectVersion = 50;
	objects = {

/* Begin PBXBuildFile section */
		3A541293230F8AEB00B0BB40 /* AppDelegate.m in Sources */ = {isa = PBXBuildFile; fileRef = 3A541292230F8AEB00B0BB40 /* AppDelegate.m */; };
		3A541296230F8AEB00B0BB40 /* ViewController.m in Sources */ = {isa = PBXBuildFile; fileRef = 3A541295230F8AEB00B0BB40 /* ViewController.m */; };
		3A541299230F8AEB00B0BB40 /* Main.storyboard in Resources */ = {isa = PBXBuildFile; fileRef = 3A541297230F8AEB00B0BB40 /* Main.storyboard */; };
		3A54129B230F8AEC00B0BB40 /* Assets.xcassets in Resources */ = {isa = PBXBuildFile; fileRef = 3A54129A230F8AEC00B0BB40 /* Assets.xcassets */; };
		3A54129E230F8AEC00B0BB40 /* LaunchScreen.storyboard in Resources */ = {isa = PBXBuildFile; fileRef = 3A54129C230F8AEC00B0BB40 /* LaunchScreen.storyboard */; };
		3A5412A1230F8AEC00B0BB40 /* main.m in Sources */ = {isa = PBXBuildFile; fileRef = 3A5412A0230F8AEC00B0BB40 /* main.m */; };
		3A5412AB230F8AEC00B0BB40 /* Promoting_In_App_PurchasesDemoUITests.m in Sources */ = {isa = PBXBuildFile; fileRef = 3A5412AA230F8AEC00B0BB40 /* Promoting_In_App_PurchasesDemoUITests.m */; };
		3A5412B7230F8BF400B0BB40 /* YostarInAppPurchase.m in Sources */ = {isa = PBXBuildFile; fileRef = 3A5412B5230F8BF400B0BB40 /* YostarInAppPurchase.m */; };
/* End PBXBuildFile section */

/* Begin PBXContainerItemProxy section */
		3A5412A7230F8AEC00B0BB40 /* PBXContainerItemProxy */ = {
			isa = PBXContainerItemProxy;
			containerPortal = 3A541286230F8AEB00B0BB40 /* Project object */;
			proxyType = 1;
			remoteGlobalIDString = 3A54128D230F8AEB00B0BB40;
			remoteInfo = "Promoting In-App PurchasesDemo";
		};
/* End PBXContainerItemProxy section */

/* Begin PBXFileReference section */
		3A54128E230F8AEB00B0BB40 /* Promoting In-App PurchasesDemo.app */ = {isa = PBXFileReference; explicitFileType = wrapper.application; includeInIndex = 0; path = "Promoting In-App PurchasesDemo.app"; sourceTree = BUILT_PRODUCTS_DIR; };
		3A541291230F8AEB00B0BB40 /* AppDelegate.h */ = {isa = PBXFileReference; lastKnownFileType = sourcecode.c.h; path = AppDelegate.h; sourceTree = "<group>"; };
		3A541292230F8AEB00B0BB40 /* AppDelegate.m */ = {isa = PBXFileReference; lastKnownFileType = sourcecode.c.objc; path = AppDelegate.m; sourceTree = "<group>"; };
		3A541294230F8AEB00B0BB40 /* ViewController.h */ = {isa = PBXFileReference; lastKnownFileType = sourcecode.c.h; path = ViewController.h; sourceTree = "<group>"; };
		3A541295230F8AEB00B0BB40 /* ViewController.m */ = {isa = PBXFileReference; lastKnownFileType = sourcecode.c.objc; path = ViewController.m; sourceTree = "<group>"; };
		3A541298230F8AEB00B0BB40 /* Base */ = {isa = PBXFileReference; lastKnownFileType = file.storyboard; name = Base; path = Base.lproj/Main.storyboard; sourceTree = "<group>"; };
		3A54129A230F8AEC00B0BB40 /* Assets.xcassets */ = {isa = PBXFileReference; lastKnownFileType = folder.assetcatalog; path = Assets.xcassets; sourceTree = "<group>"; };
		3A54129D230F8AEC00B0BB40 /* Base */ = {isa = PBXFileReference; lastKnownFileType = file.storyboard; name = Base; path = Base.lproj/LaunchScreen.storyboard; sourceTree = "<group>"; };
		3A54129F230F8AEC00B0BB40 /* Info.plist */ = {isa = PBXFileReference; lastKnownFileType = text.plist.xml; path = Info.plist; sourceTree = "<group>"; };
		3A5412A0230F8AEC00B0BB40 /* main.m */ = {isa = PBXFileReference; lastKnownFileType = sourcecode.c.objc; path = main.m; sourceTree = "<group>"; };
		3A5412A6230F8AEC00B0BB40 /* Promoting In-App PurchasesDemoUITests.xctest */ = {isa = PBXFileReference; explicitFileType = wrapper.cfbundle; includeInIndex = 0; path = "Promoting In-App PurchasesDemoUITests.xctest"; sourceTree = BUILT_PRODUCTS_DIR; };
		3A5412AA230F8AEC00B0BB40 /* Promoting_In_App_PurchasesDemoUITests.m */ = {isa = PBXFileReference; lastKnownFileType = sourcecode.c.objc; path = Promoting_In_App_PurchasesDemoUITests.m; sourceTree = "<group>"; };
		3A5412AC230F8AEC00B0BB40 /* Info.plist */ = {isa = PBXFileReference; lastKnownFileType = text.plist.xml; path = Info.plist; sourceTree = "<group>"; };
		3A5412B5230F8BF400B0BB40 /* YostarInAppPurchase.m */ = {isa = PBXFileReference; fileEncoding = 4; lastKnownFileType = sourcecode.c.objc; path = YostarInAppPurchase.m; sourceTree = "<group>"; };
		3A5412B6230F8BF400B0BB40 /* YostarInAppPurchase.h */ = {isa = PBXFileReference; fileEncoding = 4; lastKnownFileType = sourcecode.c.h; path = YostarInAppPurchase.h; sourceTree = "<group>"; };
/* End PBXFileReference section */

/* Begin PBXFrameworksBuildPhase section */
		3A54128B230F8AEB00B0BB40 /* Frameworks */ = {
			isa = PBXFrameworksBuildPhase;
			buildActionMask = 2147483647;
			files = (
			);
			runOnlyForDeploymentPostprocessing = 0;
		};
		3A5412A3230F8AEC00B0BB40 /* Frameworks */ = {
			isa = PBXFrameworksBuildPhase;
			buildActionMask = 2147483647;
			files = (
			);
			runOnlyForDeploymentPostprocessing = 0;
		};
/* End PBXFrameworksBuildPhase section */

/* Begin PBXGroup section */
		3A541285230F8AEB00B0BB40 = {
			isa = PBXGroup;
			children = (
				3A541290230F8AEB00B0BB40 /* Promoting In-App PurchasesDemo */,
				3A5412A9230F8AEC00B0BB40 /* Promoting In-App PurchasesDemoUITests */,
				3A54128F230F8AEB00B0BB40 /* Products */,
			);
			sourceTree = "<group>";
		};
		3A54128F230F8AEB00B0BB40 /* Products */ = {
			isa = PBXGroup;
			children = (
				3A54128E230F8AEB00B0BB40 /* Promoting In-App PurchasesDemo.app */,
				3A5412A6230F8AEC00B0BB40 /* Promoting In-App PurchasesDemoUITests.xctest */,
			);
			name = Products;
			sourceTree = "<group>";
		};
		3A541290230F8AEB00B0BB40 /* Promoting In-App PurchasesDemo */ = {
			isa = PBXGroup;
			children = (
				3A541291230F8AEB00B0BB40 /* AppDelegate.h */,
				3A541292230F8AEB00B0BB40 /* AppDelegate.m */,
				3A541294230F8AEB00B0BB40 /* ViewController.h */,
				3A541295230F8AEB00B0BB40 /* ViewController.m */,
				3A5412B6230F8BF400B0BB40 /* YostarInAppPurchase.h */,
				3A5412B5230F8BF400B0BB40 /* YostarInAppPurchase.m */,
				3A541297230F8AEB00B0BB40 /* Main.storyboard */,
				3A54129A230F8AEC00B0BB40 /* Assets.xcassets */,
				3A54129C230F8AEC00B0BB40 /* LaunchScreen.storyboard */,
				3A54129F230F8AEC00B0BB40 /* Info.plist */,
				3A5412A0230F8AEC00B0BB40 /* main.m */,
			);
			path = "Promoting In-App PurchasesDemo";
			sourceTree = "<group>";
		};
		3A5412A9230F8AEC00B0BB40 /* Promoting In-App PurchasesDemoUITests */ = {
			isa = PBXGroup;
			children = (
				3A5412AA230F8AEC00B0BB40 /* Promoting_In_App_PurchasesDemoUITests.m */,
				3A5412AC230F8AEC00B0BB40 /* Info.plist */,
			);
			path = "Promoting In-App PurchasesDemoUITests";
			sourceTree = "<group>";
		};
/* End PBXGroup section */

/* Begin PBXNativeTarget section */
		3A54128D230F8AEB00B0BB40 /* Promoting In-App PurchasesDemo */ = {
			isa = PBXNativeTarget;
			buildConfigurationList = 3A5412AF230F8AEC00B0BB40 /* Build configuration list for PBXNativeTarget "Promoting In-App PurchasesDemo" */;
			buildPhases = (
				3A54128A230F8AEB00B0BB40 /* Sources */,
				3A54128B230F8AEB00B0BB40 /* Frameworks */,
				3A54128C230F8AEB00B0BB40 /* Resources */,
			);
			buildRules = (
			);
			dependencies = (
			);
			name = "Promoting In-App PurchasesDemo";
			productName = "Promoting In-App PurchasesDemo";
			productReference = 3A54128E230F8AEB00B0BB40 /* Promoting In-App PurchasesDemo.app */;
			productType = "com.apple.product-type.application";
		};
		3A5412A5230F8AEC00B0BB40 /* Promoting In-App PurchasesDemoUITests */ = {
			isa = PBXNativeTarget;
			buildConfigurationList = 3A5412B2230F8AEC00B0BB40 /* Build configuration list for PBXNativeTarget "Promoting In-App PurchasesDemoUITests" */;
			buildPhases = (
				3A5412A2230F8AEC00B0BB40 /* Sources */,
				3A5412A3230F8AEC00B0BB40 /* Frameworks */,
				3A5412A4230F8AEC00B0BB40 /* Resources */,
			);
			buildRules = (
			);
			dependencies = (
				3A5412A8230F8AEC00B0BB40 /* PBXTargetDependency */,
			);
			name = "Promoting In-App PurchasesDemoUITests";
			productName = "Promoting In-App PurchasesDemoUITests";
			productReference = 3A5412A6230F8AEC00B0BB40 /* Promoting In-App PurchasesDemoUITests.xctest */;
			productType = "com.apple.product-type.bundle.ui-testing";
		};
/* End PBXNativeTarget section */

/* Begin PBXProject section */
		3A541286230F8AEB00B0BB40 /* Project object */ = {
			isa = PBXProject;
			attributes = {
				LastUpgradeCheck = 1030;
				ORGANIZATIONNAME = Yostar;
				TargetAttributes = {
					3A54128D230F8AEB00B0BB40 = {
						CreatedOnToolsVersion = 10.3;
						SystemCapabilities = {
							com.apple.BackgroundModes = {
								enabled = 0;
							};
							com.apple.Push = {
								enabled = 1;
							};
							com.apple.SafariKeychain = {
								enabled = 0;
							};
						};
					};
					3A5412A5230F8AEC00B0BB40 = {
						CreatedOnToolsVersion = 10.3;
						TestTargetID = 3A54128D230F8AEB00B0BB40;
					};
				};
			};
			buildConfigurationList = 3A541289230F8AEB00B0BB40 /* Build configuration list for PBXProject "Promoting In-App PurchasesDemo" */;
			compatibilityVersion = "Xcode 9.3";
			developmentRegion = en;
			hasScannedForEncodings = 0;
			knownRegions = (
				en,
				Base,
			);
			mainGroup = 3A541285230F8AEB00B0BB40;
			productRefGroup = 3A54128F230F8AEB00B0BB40 /* Products */;
			projectDirPath = "";
			projectRoot = "";
			targets = (
				3A54128D230F8AEB00B0BB40 /* Promoting In-App PurchasesDemo */,
				3A5412A5230F8AEC00B0BB40 /* Promoting In-App PurchasesDemoUITests */,
			);
		};
/* End PBXProject section */

/* Begin PBXResourcesBuildPhase section */
		3A54128C230F8AEB00B0BB40 /* Resources */ = {
			isa = PBXResourcesBuildPhase;
			buildActionMask = 2147483647;
			files = (
				3A54129E230F8AEC00B0BB40 /* LaunchScreen.storyboard in Resources */,
				3A54129B230F8AEC00B0BB40 /* Assets.xcassets in Resources */,
				3A541299230F8AEB00B0BB40 /* Main.storyboard in Resources */,
			);
			runOnlyForDeploymentPostprocessing = 0;
		};
		3A5412A4230F8AEC00B0BB40 /* Resources */ = {
			isa = PBXResourcesBuildPhase;
			buildActionMask = 2147483647;
			files = (
			);
			runOnlyForDeploymentPostprocessing = 0;
		};
/* End PBXResourcesBuildPhase section */

/* Begin PBXSourcesBuildPhase section */
		3A54128A230F8AEB00B0BB40 /* Sources */ = {
			isa = PBXSourcesBuildPhase;
			buildActionMask = 2147483647;
			files = (
				3A541296230F8AEB00B0BB40 /* ViewController.m in Sources */,
				3A5412B7230F8BF400B0BB40 /* YostarInAppPurchase.m in Sources */,
				3A5412A1230F8AEC00B0BB40 /* main.m in Sources */,
				3A541293230F8AEB00B0BB40 /* AppDelegate.m in Sources */,
			);
			runOnlyForDeploymentPostprocessing = 0;
		};
		3A5412A2230F8AEC00B0BB40 /* Sources */ = {
			isa = PBXSourcesBuildPhase;
			buildActionMask = 2147483647;
			files = (
				3A5412AB230F8AEC00B0BB40 /* Promoting_In_App_PurchasesDemoUITests.m in Sources */,
			);
			runOnlyForDeploymentPostprocessing = 0;
		};
/* End PBXSourcesBuildPhase section */

/* Begin PBXTargetDependency section */
		3A5412A8230F8AEC00B0BB40 /* PBXTargetDependency */ = {
			isa = PBXTargetDependency;
			target = 3A54128D230F8AEB00B0BB40 /* Promoting In-App PurchasesDemo */;
			targetProxy = 3A5412A7230F8AEC00B0BB40 /* PBXContainerItemProxy */;
		};
/* End PBXTargetDependency section */

/* Begin PBXVariantGroup section */
		3A541297230F8AEB00B0BB40 /* Main.storyboard */ = {
			isa = PBXVariantGroup;
			children = (
				3A541298230F8AEB00B0BB40 /* Base */,
			);
			name = Main.storyboard;
			sourceTree = "<group>";
		};
		3A54129C230F8AEC00B0BB40 /* LaunchScreen.storyboard */ = {
			isa = PBXVariantGroup;
			children = (
				3A54129D230F8AEC00B0BB40 /* Base */,
			);
			name = LaunchScreen.storyboard;
			sourceTree = "<group>";
		};
/* End PBXVariantGroup section */

/* Begin XCBuildConfiguration section */
		3A5412AD230F8AEC00B0BB40 /* Debug */ = {
			isa = XCBuildConfiguration;
			buildSettings = {
				ALWAYS_SEARCH_USER_PATHS = NO;
				CLANG_ANALYZER_NONNULL = YES;
				CLANG_ANALYZER_NUMBER_OBJECT_CONVERSION = YES_AGGRESSIVE;
				CLANG_CXX_LANGUAGE_STANDARD = "gnu++14";
				CLANG_CXX_LIBRARY = "libc++";
				CLANG_ENABLE_MODULES = YES;
				CLANG_ENABLE_OBJC_ARC = YES;
				CLANG_ENABLE_OBJC_WEAK = YES;
				CLANG_WARN_BLOCK_CAPTURE_AUTORELEASING = YES;
				CLANG_WARN_BOOL_CONVERSION = YES;
				CLANG_WARN_COMMA = YES;
				CLANG_WARN_CONSTANT_CONVERSION = YES;
				CLANG_WARN_DEPRECATED_OBJC_IMPLEMENTATIONS = YES;
				CLANG_WARN_DIRECT_OBJC_ISA_USAGE = YES_ERROR;
				CLANG_WARN_DOCUMENTATION_COMMENTS = YES;
				CLANG_WARN_EMPTY_BODY = YES;
				CLANG_WARN_ENUM_CONVERSION = YES;
				CLANG_WARN_INFINITE_RECURSION = YES;
				CLANG_WARN_INT_CONVERSION = YES;
				CLANG_WARN_NON_LITERAL_NULL_CONVERSION = YES;
				CLANG_WARN_OBJC_IMPLICIT_RETAIN_SELF = YES;
				CLANG_WARN_OBJC_LITERAL_CONVERSION = YES;
				CLANG_WARN_OBJC_ROOT_CLASS = YES_ERROR;
				CLANG_WARN_RANGE_LOOP_ANALYSIS = YES;
				CLANG_WARN_STRICT_PROTOTYPES = YES;
				CLANG_WARN_SUSPICIOUS_MOVE = YES;
				CLANG_WARN_UNGUARDED_AVAILABILITY = YES_AGGRESSIVE;
				CLANG_WARN_UNREACHABLE_CODE = YES;
				CLANG_WARN__DUPLICATE_METHOD_MATCH = YES;
				CODE_SIGN_IDENTITY = "iPhone Developer";
				COPY_PHASE_STRIP = NO;
				DEBUG_INFORMATION_FORMAT = dwarf;
				ENABLE_STRICT_OBJC_MSGSEND = YES;
				ENABLE_TESTABILITY = YES;
				GCC_C_LANGUAGE_STANDARD = gnu11;
				GCC_DYNAMIC_NO_PIC = NO;
				GCC_NO_COMMON_BLOCKS = YES;
				GCC_OPTIMIZATION_LEVEL = 0;
				GCC_PREPROCESSOR_DEFINITIONS = (
					"DEBUG=1",
					"$(inherited)",
				);
				GCC_WARN_64_TO_32_BIT_CONVERSION = YES;
				GCC_WARN_ABOUT_RETURN_TYPE = YES_ERROR;
				GCC_WARN_UNDECLARED_SELECTOR = YES;
				GCC_WARN_UNINITIALIZED_AUTOS = YES_AGGRESSIVE;
				GCC_WARN_UNUSED_FUNCTION = YES;
				GCC_WARN_UNUSED_VARIABLE = YES;
				IPHONEOS_DEPLOYMENT_TARGET = 12.4;
				MTL_ENABLE_DEBUG_INFO = INCLUDE_SOURCE;
				MTL_FAST_MATH = YES;
				ONLY_ACTIVE_ARCH = YES;
				SDKROOT = iphoneos;
			};
			name = Debug;
		};
		3A5412AE230F8AEC00B0BB40 /* Release */ = {
			isa = XCBuildConfiguration;
			buildSettings = {
				ALWAYS_SEARCH_USER_PATHS = NO;
				CLANG_ANALYZER_NONNULL = YES;
				CLANG_ANALYZER_NUMBER_OBJECT_CONVERSION = YES_AGGRESSIVE;
				CLANG_CXX_LANGUAGE_STANDARD = "gnu++14";
				CLANG_CXX_LIBRARY = "libc++";
				CLANG_ENABLE_MODULES = YES;
				CLANG_ENABLE_OBJC_ARC = YES;
				CLANG_ENABLE_OBJC_WEAK = YES;
				CLANG_WARN_BLOCK_CAPTURE_AUTORELEASING = YES;
				CLANG_WARN_BOOL_CONVERSION = YES;
				CLANG_WARN_COMMA = YES;
				CLANG_WARN_CONSTANT_CONVERSION = YES;
				CLANG_WARN_DEPRECATED_OBJC_IMPLEMENTATIONS = YES;
				CLANG_WARN_DIRECT_OBJC_ISA_USAGE = YES_ERROR;
				CLANG_WARN_DOCUMENTATION_COMMENTS = YES;
				CLANG_WARN_EMPTY_BODY = YES;
				CLANG_WARN_ENUM_CONVERSION = YES;
				CLANG_WARN_INFINITE_RECURSION = YES;
				CLANG_WARN_INT_CONVERSION = YES;
				CLANG_WARN_NON_LITERAL_NULL_CONVERSION = YES;
				CLANG_WARN_OBJC_IMPLICIT_RETAIN_SELF = YES;
				CLANG_WARN_OBJC_LITERAL_CONVERSION = YES;
				CLANG_WARN_OBJC_ROOT_CLASS = YES_ERROR;
				CLANG_WARN_RANGE_LOOP_ANALYSIS = YES;
				CLANG_WARN_STRICT_PROTOTYPES = YES;
				CLANG_WARN_SUSPICIOUS_MOVE = YES;
				CLANG_WARN_UNGUARDED_AVAILABILITY = YES_AGGRESSIVE;
				CLANG_WARN_UNREACHABLE_CODE = YES;
				CLANG_WARN__DUPLICATE_METHOD_MATCH = YES;
				CODE_SIGN_IDENTITY = "iPhone Developer";
				COPY_PHASE_STRIP = NO;
				DEBUG_INFORMATION_FORMAT = "dwarf-with-dsym";
				ENABLE_NS_ASSERTIONS = NO;
				ENABLE_STRICT_OBJC_MSGSEND = YES;
				GCC_C_LANGUAGE_STANDARD = gnu11;
				GCC_NO_COMMON_BLOCKS = YES;
				GCC_WARN_64_TO_32_BIT_CONVERSION = YES;
				GCC_WARN_ABOUT_RETURN_TYPE = YES_ERROR;
				GCC_WARN_UNDECLARED_SELECTOR = YES;
				GCC_WARN_UNINITIALIZED_AUTOS = YES_AGGRESSIVE;
				GCC_WARN_UNUSED_FUNCTION = YES;
				GCC_WARN_UNUSED_VARIABLE = YES;
				IPHONEOS_DEPLOYMENT_TARGET = 12.4;
				MTL_ENABLE_DEBUG_INFO = NO;
				MTL_FAST_MATH = YES;
				SDKROOT = iphoneos;
				VALIDATE_PRODUCT = YES;
			};
			name = Release;
		};
		3A5412B0230F8AEC00B0BB40 /* Debug */ = {
			isa = XCBuildConfiguration;
			buildSettings = {
				ASSETCATALOG_COMPILER_APPICON_NAME = AppIcon;
				CODE_SIGN_ENTITLEMENTS = "Promoting In-App PurchasesDemo/Promoting In-App PurchasesDemo.entitlements";
				CODE_SIGN_STYLE = Manual;
				DEVELOPMENT_TEAM = 6SQ74777N7;
				INFOPLIST_FILE = "Promoting In-App PurchasesDemo/Info.plist";
				IPHONEOS_DEPLOYMENT_TARGET = 13.0;
				LD_RUNPATH_SEARCH_PATHS = (
					"$(inherited)",
					"@executable_path/Frameworks",
				);
				PRODUCT_BUNDLE_IDENTIFIER = com.YoStarJP.AzurLane;
				PRODUCT_NAME = "$(TARGET_NAME)";
				PROVISIONING_PROFILE_SPECIFIER = "AzurLane Japan Dev Provisioning";
				TARGETED_DEVICE_FAMILY = "1,2";
			};
			name = Debug;
		};
		3A5412B1230F8AEC00B0BB40 /* Release */ = {
			isa = XCBuildConfiguration;
			buildSettings = {
				ASSETCATALOG_COMPILER_APPICON_NAME = AppIcon;
				CODE_SIGN_ENTITLEMENTS = "Promoting In-App PurchasesDemo/Promoting In-App PurchasesDemo.entitlements";
				CODE_SIGN_STYLE = Manual;
				DEVELOPMENT_TEAM = 6SQ74777N7;
				INFOPLIST_FILE = "Promoting In-App PurchasesDemo/Info.plist";
				IPHONEOS_DEPLOYMENT_TARGET = 13.0;
				LD_RUNPATH_SEARCH_PATHS = (
					"$(inherited)",
					"@executable_path/Frameworks",
				);
				PRODUCT_BUNDLE_IDENTIFIER = com.YoStarJP.AzurLane;
				PRODUCT_NAME = "$(TARGET_NAME)";
				PROVISIONING_PROFILE_SPECIFIER = "AzurLane Japan Dev Provisioning";
				TARGETED_DEVICE_FAMILY = "1,2";
			};
			name = Release;
		};
		3A5412B3230F8AEC00B0BB40 /* Debug */ = {
			isa = XCBuildConfiguration;
			buildSettings = {
				CODE_SIGN_STYLE = Automatic;
				INFOPLIST_FILE = "Promoting In-App PurchasesDemoUITests/Info.plist";
				LD_RUNPATH_SEARCH_PATHS = (
					"$(inherited)",
					"@executable_path/Frameworks",
					"@loader_path/Frameworks",
				);
				PRODUCT_BUNDLE_IDENTIFIER = "com.yostar.www.Promoting-In-App-PurchasesDemoUITests";
				PRODUCT_NAME = "$(TARGET_NAME)";
				TARGETED_DEVICE_FAMILY = "1,2";
				TEST_TARGET_NAME = "Promoting In-App PurchasesDemo";
			};
			name = Debug;
		};
		3A5412B4230F8AEC00B0BB40 /* Release */ = {
			isa = XCBuildConfiguration;
			buildSettings = {
				CODE_SIGN_STYLE = Automatic;
				INFOPLIST_FILE = "Promoting In-App PurchasesDemoUITests/Info.plist";
				LD_RUNPATH_SEARCH_PATHS = (
					"$(inherited)",
					"@executable_path/Frameworks",
					"@loader_path/Frameworks",
				);
				PRODUCT_BUNDLE_IDENTIFIER = "com.yostar.www.Promoting-In-App-PurchasesDemoUITests";
				PRODUCT_NAME = "$(TARGET_NAME)";
				TARGETED_DEVICE_FAMILY = "1,2";
				TEST_TARGET_NAME = "Promoting In-App PurchasesDemo";
			};
			name = Release;
		};
/* End XCBuildConfiguration section */

/* Begin XCConfigurationList section */
		3A541289230F8AEB00B0BB40 /* Build configuration list for PBXProject "Promoting In-App PurchasesDemo" */ = {
			isa = XCConfigurationList;
			buildConfigurations = (
				3A5412AD230F8AEC00B0BB40 /* Debug */,
				3A5412AE230F8AEC00B0BB40 /* Release */,
			);
			defaultConfigurationIsVisible = 0;
			defaultConfigurationName = Release;
		};
		3A5412AF230F8AEC00B0BB40 /* Build configuration list for PBXNativeTarget "Promoting In-App PurchasesDemo" */ = {
			isa = XCConfigurationList;
			buildConfigurations = (
				3A5412B0230F8AEC00B0BB40 /* Debug */,
				3A5412B1230F8AEC00B0BB40 /* Release */,
			);
			defaultConfigurationIsVisible = 0;
			defaultConfigurationName = Release;
		};
		3A5412B2230F8AEC00B0BB40 /* Build configuration list for PBXNativeTarget "Promoting In-App PurchasesDemoUITests" */ = {
			isa = XCConfigurationList;
			buildConfigurations = (
				3A5412B3230F8AEC00B0BB40 /* Debug */,
				3A5412B4230F8AEC00B0BB40 /* Release */,
			);
			defaultConfigurationIsVisible = 0;
			defaultConfigurationName = Release;
		};
/* End XCConfigurationList section */
	};
	rootObject = 3A541286230F8AEB00B0BB40 /* Project object */;
}
